// !$*UTF8*$!
{
	archiveVersion = 1;
	classes = {
	};
	objectVersion = 46;
	objects = {

/* Begin PBXBuildFile section */
		0E493F991D1087C000F9A042 /* SetWindowController.old in Resources */ = {isa = PBXBuildFile; fileRef = 0E493F981D1087C000F9A042 /* SetWindowController.old */; };
		0E493F9B1D1087EC00F9A042 /* SetWindowControllerold.mm in Sources */ = {isa = PBXBuildFile; fileRef = 0E493F9A1D1087EC00F9A042 /* SetWindowControllerold.mm */; };
		0E50E0961D04757600064A35 /* MSLesionSeed.h in Headers */ = {isa = PBXBuildFile; fileRef = 0E50E0941D04757600064A35 /* MSLesionSeed.h */; };
		0E50E0971D04757600064A35 /* MSLesionSeed.m in Sources */ = {isa = PBXBuildFile; fileRef = 0E50E0951D04757600064A35 /* MSLesionSeed.m */; };
		0E6F6AEA1CFCA5FA00F56B9C /* SetWindowController.h in Headers */ = {isa = PBXBuildFile; fileRef = 0E6F6AE61CFCA5FA00F56B9C /* SetWindowController.h */; };
		0E6F6AEB1CFCA5FA00F56B9C /* SetWindowController.mm in Sources */ = {isa = PBXBuildFile; fileRef = 0E6F6AE71CFCA5FA00F56B9C /* SetWindowController.mm */; };
		0E6F6AEC1CFCA5FA00F56B9C /* SetWindowController.xib in Resources */ = {isa = PBXBuildFile; fileRef = 0E6F6AE81CFCA5FA00F56B9C /* SetWindowController.xib */; };
		0E6F6AEF1CFCA61800F56B9C /* MSLSMRICornellFilter.h in Headers */ = {isa = PBXBuildFile; fileRef = 0E6F6AED1CFCA61800F56B9C /* MSLSMRICornellFilter.h */; };
		0E6F6AF01CFCA61800F56B9C /* MSLSMRICornellFilter.mm in Sources */ = {isa = PBXBuildFile; fileRef = 0E6F6AEE1CFCA61800F56B9C /* MSLSMRICornellFilter.mm */; };
		0E6F6AFD1CFCA79900F56B9C /* DCMPix.h in Headers */ = {isa = PBXBuildFile; fileRef = 0E6F6AF21CFCA79900F56B9C /* DCMPix.h */; };
		0E6F6AFE1CFCA79900F56B9C /* DCMView.h in Headers */ = {isa = PBXBuildFile; fileRef = 0E6F6AF31CFCA79900F56B9C /* DCMView.h */; };
		0E6F6AFF1CFCA79900F56B9C /* dicomFile.h in Headers */ = {isa = PBXBuildFile; fileRef = 0E6F6AF41CFCA79900F56B9C /* dicomFile.h */; };
		0E6F6B001CFCA79900F56B9C /* MyPoint.h in Headers */ = {isa = PBXBuildFile; fileRef = 0E6F6AF51CFCA79900F56B9C /* MyPoint.h */; };
		0E6F6B011CFCA79900F56B9C /* OSIWindowController.h in Headers */ = {isa = PBXBuildFile; fileRef = 0E6F6AF61CFCA79900F56B9C /* OSIWindowController.h */; };
		0E6F6B021CFCA79900F56B9C /* PluginFilter.h in Headers */ = {isa = PBXBuildFile; fileRef = 0E6F6AF71CFCA79900F56B9C /* PluginFilter.h */; };
		0E6F6B031CFCA79900F56B9C /* ROI.h in Headers */ = {isa = PBXBuildFile; fileRef = 0E6F6AF81CFCA79900F56B9C /* ROI.h */; };
		0E6F6B041CFCA79900F56B9C /* Schedulable.h in Headers */ = {isa = PBXBuildFile; fileRef = 0E6F6AF91CFCA79900F56B9C /* Schedulable.h */; };
		0E6F6B051CFCA79900F56B9C /* Scheduler.h in Headers */ = {isa = PBXBuildFile; fileRef = 0E6F6AFA1CFCA79900F56B9C /* Scheduler.h */; };
		0E6F6B061CFCA79900F56B9C /* StaticScheduler.h in Headers */ = {isa = PBXBuildFile; fileRef = 0E6F6AFB1CFCA79900F56B9C /* StaticScheduler.h */; };
		0E6F6B071CFCA79900F56B9C /* ViewerController.h in Headers */ = {isa = PBXBuildFile; fileRef = 0E6F6AFC1CFCA79900F56B9C /* ViewerController.h */; };
		0EBB98C51D106E5300901888 /* libITKBiasCorrection-4.1.a in Frameworks */ = {isa = PBXBuildFile; fileRef = 0EBB98771D106E5300901888 /* libITKBiasCorrection-4.1.a */; };
		0EBB98C61D106E5300901888 /* libITKBioCell-4.1.a in Frameworks */ = {isa = PBXBuildFile; fileRef = 0EBB98781D106E5300901888 /* libITKBioCell-4.1.a */; };
		0EBB98C71D106E5300901888 /* libITKCommon-4.1.a in Frameworks */ = {isa = PBXBuildFile; fileRef = 0EBB98791D106E5300901888 /* libITKCommon-4.1.a */; };
		0EBB98C81D106E5300901888 /* libITKDeprecated-4.1.a in Frameworks */ = {isa = PBXBuildFile; fileRef = 0EBB987A1D106E5300901888 /* libITKDeprecated-4.1.a */; };
		0EBB98C91D106E5300901888 /* libITKDICOMParser-4.1.a in Frameworks */ = {isa = PBXBuildFile; fileRef = 0EBB987B1D106E5300901888 /* libITKDICOMParser-4.1.a */; };
		0EBB98CA1D106E5300901888 /* libITKEXPAT-4.1.a in Frameworks */ = {isa = PBXBuildFile; fileRef = 0EBB987C1D106E5300901888 /* libITKEXPAT-4.1.a */; };
		0EBB98CB1D106E5300901888 /* libITKFEM-4.1.a in Frameworks */ = {isa = PBXBuildFile; fileRef = 0EBB987D1D106E5300901888 /* libITKFEM-4.1.a */; };
		0EBB98CC1D106E5300901888 /* libitkgdcmCommon-4.1.a in Frameworks */ = {isa = PBXBuildFile; fileRef = 0EBB987E1D106E5300901888 /* libitkgdcmCommon-4.1.a */; };
		0EBB98CD1D106E5300901888 /* libitkgdcmDICT-4.1.a in Frameworks */ = {isa = PBXBuildFile; fileRef = 0EBB987F1D106E5300901888 /* libitkgdcmDICT-4.1.a */; };
		0EBB98CE1D106E5300901888 /* libitkgdcmDSED-4.1.a in Frameworks */ = {isa = PBXBuildFile; fileRef = 0EBB98801D106E5300901888 /* libitkgdcmDSED-4.1.a */; };
		0EBB98CF1D106E5300901888 /* libitkgdcmIOD-4.1.a in Frameworks */ = {isa = PBXBuildFile; fileRef = 0EBB98811D106E5300901888 /* libitkgdcmIOD-4.1.a */; };
		0EBB98D01D106E5300901888 /* libitkgdcmjpeg8-4.1.a in Frameworks */ = {isa = PBXBuildFile; fileRef = 0EBB98821D106E5300901888 /* libitkgdcmjpeg8-4.1.a */; };
		0EBB98D11D106E5300901888 /* libitkgdcmjpeg12-4.1.a in Frameworks */ = {isa = PBXBuildFile; fileRef = 0EBB98831D106E5300901888 /* libitkgdcmjpeg12-4.1.a */; };
		0EBB98D21D106E5300901888 /* libitkgdcmjpeg16-4.1.a in Frameworks */ = {isa = PBXBuildFile; fileRef = 0EBB98841D106E5300901888 /* libitkgdcmjpeg16-4.1.a */; };
		0EBB98D31D106E5300901888 /* libitkgdcmMSFF-4.1.a in Frameworks */ = {isa = PBXBuildFile; fileRef = 0EBB98851D106E5300901888 /* libitkgdcmMSFF-4.1.a */; };
		0EBB98D41D106E5300901888 /* libitkgdcmuuid-4.1.a in Frameworks */ = {isa = PBXBuildFile; fileRef = 0EBB98861D106E5300901888 /* libitkgdcmuuid-4.1.a */; };
		0EBB98D51D106E5300901888 /* libITKgiftiio-4.1.a in Frameworks */ = {isa = PBXBuildFile; fileRef = 0EBB98871D106E5300901888 /* libITKgiftiio-4.1.a */; };
		0EBB98D61D106E5300901888 /* libitkhdf5_cpp-4.1.a in Frameworks */ = {isa = PBXBuildFile; fileRef = 0EBB98881D106E5300901888 /* libitkhdf5_cpp-4.1.a */; };
		0EBB98D71D106E5300901888 /* libitkhdf5-4.1.a in Frameworks */ = {isa = PBXBuildFile; fileRef = 0EBB98891D106E5300901888 /* libitkhdf5-4.1.a */; };
		0EBB98D81D106E5300901888 /* libITKIOBioRad-4.1.a in Frameworks */ = {isa = PBXBuildFile; fileRef = 0EBB988A1D106E5300901888 /* libITKIOBioRad-4.1.a */; };
		0EBB98D91D106E5300901888 /* libITKIOBMP-4.1.a in Frameworks */ = {isa = PBXBuildFile; fileRef = 0EBB988B1D106E5300901888 /* libITKIOBMP-4.1.a */; };
		0EBB98DA1D106E5300901888 /* libITKIOCSV-4.1.a in Frameworks */ = {isa = PBXBuildFile; fileRef = 0EBB988C1D106E5300901888 /* libITKIOCSV-4.1.a */; };
		0EBB98DB1D106E5300901888 /* libITKIOGDCM-4.1.a in Frameworks */ = {isa = PBXBuildFile; fileRef = 0EBB988D1D106E5300901888 /* libITKIOGDCM-4.1.a */; };
		0EBB98DC1D106E5300901888 /* libITKIOGE-4.1.a in Frameworks */ = {isa = PBXBuildFile; fileRef = 0EBB988E1D106E5300901888 /* libITKIOGE-4.1.a */; };
		0EBB98DD1D106E5300901888 /* libITKIOGIPL-4.1.a in Frameworks */ = {isa = PBXBuildFile; fileRef = 0EBB988F1D106E5300901888 /* libITKIOGIPL-4.1.a */; };
		0EBB98DE1D106E5300901888 /* libITKIOHDF5-4.1.a in Frameworks */ = {isa = PBXBuildFile; fileRef = 0EBB98901D106E5300901888 /* libITKIOHDF5-4.1.a */; };
		0EBB98DF1D106E5300901888 /* libITKIOImageBase-4.1.a in Frameworks */ = {isa = PBXBuildFile; fileRef = 0EBB98911D106E5300901888 /* libITKIOImageBase-4.1.a */; };
		0EBB98E01D106E5300901888 /* libITKIOIPL-4.1.a in Frameworks */ = {isa = PBXBuildFile; fileRef = 0EBB98921D106E5300901888 /* libITKIOIPL-4.1.a */; };
		0EBB98E11D106E5300901888 /* libITKIOJPEG-4.1.a in Frameworks */ = {isa = PBXBuildFile; fileRef = 0EBB98931D106E5300901888 /* libITKIOJPEG-4.1.a */; };
		0EBB98E21D106E5300901888 /* libITKIOLSM-4.1.a in Frameworks */ = {isa = PBXBuildFile; fileRef = 0EBB98941D106E5300901888 /* libITKIOLSM-4.1.a */; };
		0EBB98E31D106E5300901888 /* libITKIOMesh-4.1.a in Frameworks */ = {isa = PBXBuildFile; fileRef = 0EBB98951D106E5300901888 /* libITKIOMesh-4.1.a */; };
		0EBB98E41D106E5300901888 /* libITKIOMeta-4.1.a in Frameworks */ = {isa = PBXBuildFile; fileRef = 0EBB98961D106E5300901888 /* libITKIOMeta-4.1.a */; };
		0EBB98E51D106E5300901888 /* libITKIONIFTI-4.1.a in Frameworks */ = {isa = PBXBuildFile; fileRef = 0EBB98971D106E5300901888 /* libITKIONIFTI-4.1.a */; };
		0EBB98E61D106E5300901888 /* libITKIONRRD-4.1.a in Frameworks */ = {isa = PBXBuildFile; fileRef = 0EBB98981D106E5300901888 /* libITKIONRRD-4.1.a */; };
		0EBB98E71D106E5300901888 /* libITKIOPNG-4.1.a in Frameworks */ = {isa = PBXBuildFile; fileRef = 0EBB98991D106E5300901888 /* libITKIOPNG-4.1.a */; };
		0EBB98E81D106E5300901888 /* libITKIOSiemens-4.1.a in Frameworks */ = {isa = PBXBuildFile; fileRef = 0EBB989A1D106E5300901888 /* libITKIOSiemens-4.1.a */; };
		0EBB98E91D106E5300901888 /* libITKIOSpatialObjects-4.1.a in Frameworks */ = {isa = PBXBuildFile; fileRef = 0EBB989B1D106E5300901888 /* libITKIOSpatialObjects-4.1.a */; };
		0EBB98EA1D106E5300901888 /* libITKIOStimulate-4.1.a in Frameworks */ = {isa = PBXBuildFile; fileRef = 0EBB989C1D106E5300901888 /* libITKIOStimulate-4.1.a */; };
		0EBB98EB1D106E5300901888 /* libITKIOTIFF-4.1.a in Frameworks */ = {isa = PBXBuildFile; fileRef = 0EBB989D1D106E5300901888 /* libITKIOTIFF-4.1.a */; };
		0EBB98EC1D106E5300901888 /* libITKIOTransformBase-4.1.a in Frameworks */ = {isa = PBXBuildFile; fileRef = 0EBB989E1D106E5300901888 /* libITKIOTransformBase-4.1.a */; };
		0EBB98ED1D106E5300901888 /* libITKIOTransformHDF5-4.1.a in Frameworks */ = {isa = PBXBuildFile; fileRef = 0EBB989F1D106E5300901888 /* libITKIOTransformHDF5-4.1.a */; };
		0EBB98EE1D106E5300901888 /* libITKIOTransformInsightLegacy-4.1.a in Frameworks */ = {isa = PBXBuildFile; fileRef = 0EBB98A01D106E5300901888 /* libITKIOTransformInsightLegacy-4.1.a */; };
		0EBB98EF1D106E5300901888 /* libITKIOTransformMatlab-4.1.a in Frameworks */ = {isa = PBXBuildFile; fileRef = 0EBB98A11D106E5300901888 /* libITKIOTransformMatlab-4.1.a */; };
		0EBB98F01D106E5300901888 /* libITKIOVTK-4.1.a in Frameworks */ = {isa = PBXBuildFile; fileRef = 0EBB98A21D106E5300901888 /* libITKIOVTK-4.1.a */; };
		0EBB98F11D106E5300901888 /* libITKIOXML-4.1.a in Frameworks */ = {isa = PBXBuildFile; fileRef = 0EBB98A31D106E5300901888 /* libITKIOXML-4.1.a */; };
		0EBB98F21D106E5300901888 /* libitkjpeg-4.1.a in Frameworks */ = {isa = PBXBuildFile; fileRef = 0EBB98A41D106E5300901888 /* libitkjpeg-4.1.a */; };
		0EBB98F31D106E5300901888 /* libITKKLMRegionGrowing-4.1.a in Frameworks */ = {isa = PBXBuildFile; fileRef = 0EBB98A51D106E5300901888 /* libITKKLMRegionGrowing-4.1.a */; };
		0EBB98F41D106E5300901888 /* libITKLabelMap-4.1.a in Frameworks */ = {isa = PBXBuildFile; fileRef = 0EBB98A61D106E5300901888 /* libITKLabelMap-4.1.a */; };
		0EBB98F51D106E5300901888 /* libITKMesh-4.1.a in Frameworks */ = {isa = PBXBuildFile; fileRef = 0EBB98A71D106E5300901888 /* libITKMesh-4.1.a */; };
		0EBB98F61D106E5300901888 /* libITKMetaIO-4.1.a in Frameworks */ = {isa = PBXBuildFile; fileRef = 0EBB98A81D106E5300901888 /* libITKMetaIO-4.1.a */; };
		0EBB98F71D106E5300901888 /* libitkNetlibSlatec-4.1.a in Frameworks */ = {isa = PBXBuildFile; fileRef = 0EBB98A91D106E5300901888 /* libitkNetlibSlatec-4.1.a */; };
		0EBB98F81D106E5300901888 /* libITKniftiio-4.1.a in Frameworks */ = {isa = PBXBuildFile; fileRef = 0EBB98AA1D106E5300901888 /* libITKniftiio-4.1.a */; };
		0EBB98F91D106E5300901888 /* libITKNrrdIO-4.1.a in Frameworks */ = {isa = PBXBuildFile; fileRef = 0EBB98AB1D106E5300901888 /* libITKNrrdIO-4.1.a */; };
		0EBB98FA1D106E5300901888 /* libitkopenjpeg-4.1.a in Frameworks */ = {isa = PBXBuildFile; fileRef = 0EBB98AC1D106E5300901888 /* libitkopenjpeg-4.1.a */; };
		0EBB98FB1D106E5300901888 /* libITKOptimizers-4.1.a in Frameworks */ = {isa = PBXBuildFile; fileRef = 0EBB98AD1D106E5300901888 /* libITKOptimizers-4.1.a */; };
		0EBB98FC1D106E5300901888 /* libITKOptimizersv4-4.1.a in Frameworks */ = {isa = PBXBuildFile; fileRef = 0EBB98AE1D106E5300901888 /* libITKOptimizersv4-4.1.a */; };
		0EBB98FD1D106E5300901888 /* libITKPath-4.1.a in Frameworks */ = {isa = PBXBuildFile; fileRef = 0EBB98AF1D106E5300901888 /* libITKPath-4.1.a */; };
		0EBB98FE1D106E5300901888 /* libitkpng-4.1.a in Frameworks */ = {isa = PBXBuildFile; fileRef = 0EBB98B01D106E5300901888 /* libitkpng-4.1.a */; };
		0EBB98FF1D106E5300901888 /* libITKPolynomials-4.1.a in Frameworks */ = {isa = PBXBuildFile; fileRef = 0EBB98B11D106E5300901888 /* libITKPolynomials-4.1.a */; };
		0EBB99001D106E5300901888 /* libITKQuadEdgeMesh-4.1.a in Frameworks */ = {isa = PBXBuildFile; fileRef = 0EBB98B21D106E5300901888 /* libITKQuadEdgeMesh-4.1.a */; };
		0EBB99011D106E5300901888 /* libITKReview-4.1.a in Frameworks */ = {isa = PBXBuildFile; fileRef = 0EBB98B31D106E5300901888 /* libITKReview-4.1.a */; };
		0EBB99021D106E5300901888 /* libITKSpatialObjects-4.1.a in Frameworks */ = {isa = PBXBuildFile; fileRef = 0EBB98B41D106E5300901888 /* libITKSpatialObjects-4.1.a */; };
		0EBB99031D106E5300901888 /* libITKStatistics-4.1.a in Frameworks */ = {isa = PBXBuildFile; fileRef = 0EBB98B51D106E5300901888 /* libITKStatistics-4.1.a */; };
		0EBB99041D106E5300901888 /* libitksys-4.1.a in Frameworks */ = {isa = PBXBuildFile; fileRef = 0EBB98B61D106E5300901888 /* libitksys-4.1.a */; };
		0EBB99051D106E5300901888 /* libitktestlib-4.1.a in Frameworks */ = {isa = PBXBuildFile; fileRef = 0EBB98B71D106E5300901888 /* libitktestlib-4.1.a */; };
		0EBB99061D106E5300901888 /* libitktiff-4.1.a in Frameworks */ = {isa = PBXBuildFile; fileRef = 0EBB98B81D106E5300901888 /* libitktiff-4.1.a */; };
		0EBB99071D106E5300901888 /* libitkv3p_lsqr-4.1.a in Frameworks */ = {isa = PBXBuildFile; fileRef = 0EBB98B91D106E5300901888 /* libitkv3p_lsqr-4.1.a */; };
		0EBB99081D106E5300901888 /* libitkv3p_netlib-4.1.a in Frameworks */ = {isa = PBXBuildFile; fileRef = 0EBB98BA1D106E5300901888 /* libitkv3p_netlib-4.1.a */; };
		0EBB99091D106E5300901888 /* libitkvcl-4.1.a in Frameworks */ = {isa = PBXBuildFile; fileRef = 0EBB98BB1D106E5300901888 /* libitkvcl-4.1.a */; };
		0EBB990A1D106E5300901888 /* libITKVideoCore-4.1.a in Frameworks */ = {isa = PBXBuildFile; fileRef = 0EBB98BC1D106E5300901888 /* libITKVideoCore-4.1.a */; };
		0EBB990B1D106E5300901888 /* libITKVideoIO-4.1.a in Frameworks */ = {isa = PBXBuildFile; fileRef = 0EBB98BD1D106E5300901888 /* libITKVideoIO-4.1.a */; };
		0EBB990C1D106E5300901888 /* libitkvnl_algo-4.1.a in Frameworks */ = {isa = PBXBuildFile; fileRef = 0EBB98BE1D106E5300901888 /* libitkvnl_algo-4.1.a */; };
		0EBB990D1D106E5300901888 /* libitkvnl-4.1.a in Frameworks */ = {isa = PBXBuildFile; fileRef = 0EBB98BF1D106E5300901888 /* libitkvnl-4.1.a */; };
		0EBB990E1D106E5300901888 /* libITKVNLInstantiation-4.1.a in Frameworks */ = {isa = PBXBuildFile; fileRef = 0EBB98C01D106E5300901888 /* libITKVNLInstantiation-4.1.a */; };
		0EBB990F1D106E5300901888 /* libITKVTK-4.1.a in Frameworks */ = {isa = PBXBuildFile; fileRef = 0EBB98C11D106E5300901888 /* libITKVTK-4.1.a */; };
		0EBB99101D106E5300901888 /* libITKWatersheds-4.1.a in Frameworks */ = {isa = PBXBuildFile; fileRef = 0EBB98C21D106E5300901888 /* libITKWatersheds-4.1.a */; };
		0EBB99111D106E5300901888 /* libitkzlib-4.1.a in Frameworks */ = {isa = PBXBuildFile; fileRef = 0EBB98C31D106E5300901888 /* libitkzlib-4.1.a */; };
		0EBB99121D106E5300901888 /* libITKznz-4.1.a in Frameworks */ = {isa = PBXBuildFile; fileRef = 0EBB98C41D106E5300901888 /* libITKznz-4.1.a */; };
		8420023212E829A200E1E9CE /* OsiriXAPI.framework in Frameworks */ = {isa = PBXBuildFile; fileRef = 8420023112E829A200E1E9CE /* OsiriXAPI.framework */; settings = {ATTRIBUTES = (Weak, ); }; };
		8D5B49AE048680CD000E48DA /* MSLSMRICornell_Prefix.pch in Headers */ = {isa = PBXBuildFile; fileRef = 32DBCF630370AF2F00C91783 /* MSLSMRICornell_Prefix.pch */; };
		8D5B49B0048680CD000E48DA /* InfoPlist.strings in Resources */ = {isa = PBXBuildFile; fileRef = 089C167DFE841241C02AAC07 /* InfoPlist.strings */; };
		8D5B49B4048680CD000E48DA /* Cocoa.framework in Frameworks */ = {isa = PBXBuildFile; fileRef = 1058C7ADFEA557BF11CA2CBB /* Cocoa.framework */; };
/* End PBXBuildFile section */

/* Begin PBXFileReference section */
		089C1672FE841209C02AAC07 /* Foundation.framework */ = {isa = PBXFileReference; lastKnownFileType = wrapper.framework; name = Foundation.framework; path = /System/Library/Frameworks/Foundation.framework; sourceTree = "<absolute>"; };
		089C167EFE841241C02AAC07 /* English */ = {isa = PBXFileReference; fileEncoding = 10; lastKnownFileType = text.plist.strings; name = English; path = English.lproj/InfoPlist.strings; sourceTree = "<group>"; };
		089C167FFE841241C02AAC07 /* AppKit.framework */ = {isa = PBXFileReference; lastKnownFileType = wrapper.framework; name = AppKit.framework; path = /System/Library/Frameworks/AppKit.framework; sourceTree = "<absolute>"; };
		0E493F981D1087C000F9A042 /* SetWindowController.old */ = {isa = PBXFileReference; fileEncoding = 4; lastKnownFileType = text; path = SetWindowController.old; sourceTree = "<group>"; };
		0E493F9A1D1087EC00F9A042 /* SetWindowControllerold.mm */ = {isa = PBXFileReference; fileEncoding = 4; lastKnownFileType = sourcecode.cpp.objcpp; path = SetWindowControllerold.mm; sourceTree = "<group>"; };
		0E50E0941D04757600064A35 /* MSLesionSeed.h */ = {isa = PBXFileReference; fileEncoding = 4; lastKnownFileType = sourcecode.c.h; path = MSLesionSeed.h; sourceTree = "<group>"; };
		0E50E0951D04757600064A35 /* MSLesionSeed.m */ = {isa = PBXFileReference; fileEncoding = 4; lastKnownFileType = sourcecode.c.objc; path = MSLesionSeed.m; sourceTree = "<group>"; };
		0E6F6AE61CFCA5FA00F56B9C /* SetWindowController.h */ = {isa = PBXFileReference; fileEncoding = 4; lastKnownFileType = sourcecode.c.h; path = SetWindowController.h; sourceTree = "<group>"; };
		0E6F6AE71CFCA5FA00F56B9C /* SetWindowController.mm */ = {isa = PBXFileReference; fileEncoding = 4; lastKnownFileType = sourcecode.cpp.objcpp; path = SetWindowController.mm; sourceTree = "<group>"; };
		0E6F6AE81CFCA5FA00F56B9C /* SetWindowController.xib */ = {isa = PBXFileReference; fileEncoding = 4; lastKnownFileType = file.xib; path = SetWindowController.xib; sourceTree = "<group>"; };
		0E6F6AED1CFCA61800F56B9C /* MSLSMRICornellFilter.h */ = {isa = PBXFileReference; fileEncoding = 4; lastKnownFileType = sourcecode.c.h; path = MSLSMRICornellFilter.h; sourceTree = "<group>"; };
		0E6F6AEE1CFCA61800F56B9C /* MSLSMRICornellFilter.mm */ = {isa = PBXFileReference; fileEncoding = 4; lastKnownFileType = sourcecode.cpp.objcpp; path = MSLSMRICornellFilter.mm; sourceTree = "<group>"; };
		0E6F6AF21CFCA79900F56B9C /* DCMPix.h */ = {isa = PBXFileReference; fileEncoding = 4; lastKnownFileType = sourcecode.c.h; path = DCMPix.h; sourceTree = "<group>"; };
		0E6F6AF31CFCA79900F56B9C /* DCMView.h */ = {isa = PBXFileReference; fileEncoding = 4; lastKnownFileType = sourcecode.c.h; path = DCMView.h; sourceTree = "<group>"; };
		0E6F6AF41CFCA79900F56B9C /* dicomFile.h */ = {isa = PBXFileReference; fileEncoding = 4; lastKnownFileType = sourcecode.c.h; path = dicomFile.h; sourceTree = "<group>"; };
		0E6F6AF51CFCA79900F56B9C /* MyPoint.h */ = {isa = PBXFileReference; fileEncoding = 4; lastKnownFileType = sourcecode.c.h; path = MyPoint.h; sourceTree = "<group>"; };
		0E6F6AF61CFCA79900F56B9C /* OSIWindowController.h */ = {isa = PBXFileReference; fileEncoding = 4; lastKnownFileType = sourcecode.c.h; path = OSIWindowController.h; sourceTree = "<group>"; };
		0E6F6AF71CFCA79900F56B9C /* PluginFilter.h */ = {isa = PBXFileReference; fileEncoding = 4; lastKnownFileType = sourcecode.c.h; path = PluginFilter.h; sourceTree = "<group>"; };
		0E6F6AF81CFCA79900F56B9C /* ROI.h */ = {isa = PBXFileReference; fileEncoding = 4; lastKnownFileType = sourcecode.c.h; path = ROI.h; sourceTree = "<group>"; };
		0E6F6AF91CFCA79900F56B9C /* Schedulable.h */ = {isa = PBXFileReference; fileEncoding = 4; lastKnownFileType = sourcecode.c.h; path = Schedulable.h; sourceTree = "<group>"; };
		0E6F6AFA1CFCA79900F56B9C /* Scheduler.h */ = {isa = PBXFileReference; fileEncoding = 4; lastKnownFileType = sourcecode.c.h; path = Scheduler.h; sourceTree = "<group>"; };
		0E6F6AFB1CFCA79900F56B9C /* StaticScheduler.h */ = {isa = PBXFileReference; fileEncoding = 4; lastKnownFileType = sourcecode.c.h; path = StaticScheduler.h; sourceTree = "<group>"; };
		0E6F6AFC1CFCA79900F56B9C /* ViewerController.h */ = {isa = PBXFileReference; fileEncoding = 4; lastKnownFileType = sourcecode.c.h; path = ViewerController.h; sourceTree = "<group>"; };
		0EBB98771D106E5300901888 /* libITKBiasCorrection-4.1.a */ = {isa = PBXFileReference; lastKnownFileType = archive.ar; name = "libITKBiasCorrection-4.1.a"; path = "../osirix/ITK180/lib/libITKBiasCorrection-4.1.a"; sourceTree = "<group>"; };
		0EBB98781D106E5300901888 /* libITKBioCell-4.1.a */ = {isa = PBXFileReference; lastKnownFileType = archive.ar; name = "libITKBioCell-4.1.a"; path = "../osirix/ITK180/lib/libITKBioCell-4.1.a"; sourceTree = "<group>"; };
		0EBB98791D106E5300901888 /* libITKCommon-4.1.a */ = {isa = PBXFileReference; lastKnownFileType = archive.ar; name = "libITKCommon-4.1.a"; path = "../osirix/ITK180/lib/libITKCommon-4.1.a"; sourceTree = "<group>"; };
		0EBB987A1D106E5300901888 /* libITKDeprecated-4.1.a */ = {isa = PBXFileReference; lastKnownFileType = archive.ar; name = "libITKDeprecated-4.1.a"; path = "../osirix/ITK180/lib/libITKDeprecated-4.1.a"; sourceTree = "<group>"; };
		0EBB987B1D106E5300901888 /* libITKDICOMParser-4.1.a */ = {isa = PBXFileReference; lastKnownFileType = archive.ar; name = "libITKDICOMParser-4.1.a"; path = "../osirix/ITK180/lib/libITKDICOMParser-4.1.a"; sourceTree = "<group>"; };
		0EBB987C1D106E5300901888 /* libITKEXPAT-4.1.a */ = {isa = PBXFileReference; lastKnownFileType = archive.ar; name = "libITKEXPAT-4.1.a"; path = "../osirix/ITK180/lib/libITKEXPAT-4.1.a"; sourceTree = "<group>"; };
		0EBB987D1D106E5300901888 /* libITKFEM-4.1.a */ = {isa = PBXFileReference; lastKnownFileType = archive.ar; name = "libITKFEM-4.1.a"; path = "../osirix/ITK180/lib/libITKFEM-4.1.a"; sourceTree = "<group>"; };
		0EBB987E1D106E5300901888 /* libitkgdcmCommon-4.1.a */ = {isa = PBXFileReference; lastKnownFileType = archive.ar; name = "libitkgdcmCommon-4.1.a"; path = "../osirix/ITK180/lib/libitkgdcmCommon-4.1.a"; sourceTree = "<group>"; };
		0EBB987F1D106E5300901888 /* libitkgdcmDICT-4.1.a */ = {isa = PBXFileReference; lastKnownFileType = archive.ar; name = "libitkgdcmDICT-4.1.a"; path = "../osirix/ITK180/lib/libitkgdcmDICT-4.1.a"; sourceTree = "<group>"; };
		0EBB98801D106E5300901888 /* libitkgdcmDSED-4.1.a */ = {isa = PBXFileReference; lastKnownFileType = archive.ar; name = "libitkgdcmDSED-4.1.a"; path = "../osirix/ITK180/lib/libitkgdcmDSED-4.1.a"; sourceTree = "<group>"; };
		0EBB98811D106E5300901888 /* libitkgdcmIOD-4.1.a */ = {isa = PBXFileReference; lastKnownFileType = archive.ar; name = "libitkgdcmIOD-4.1.a"; path = "../osirix/ITK180/lib/libitkgdcmIOD-4.1.a"; sourceTree = "<group>"; };
		0EBB98821D106E5300901888 /* libitkgdcmjpeg8-4.1.a */ = {isa = PBXFileReference; lastKnownFileType = archive.ar; name = "libitkgdcmjpeg8-4.1.a"; path = "../osirix/ITK180/lib/libitkgdcmjpeg8-4.1.a"; sourceTree = "<group>"; };
		0EBB98831D106E5300901888 /* libitkgdcmjpeg12-4.1.a */ = {isa = PBXFileReference; lastKnownFileType = archive.ar; name = "libitkgdcmjpeg12-4.1.a"; path = "../osirix/ITK180/lib/libitkgdcmjpeg12-4.1.a"; sourceTree = "<group>"; };
		0EBB98841D106E5300901888 /* libitkgdcmjpeg16-4.1.a */ = {isa = PBXFileReference; lastKnownFileType = archive.ar; name = "libitkgdcmjpeg16-4.1.a"; path = "../osirix/ITK180/lib/libitkgdcmjpeg16-4.1.a"; sourceTree = "<group>"; };
		0EBB98851D106E5300901888 /* libitkgdcmMSFF-4.1.a */ = {isa = PBXFileReference; lastKnownFileType = archive.ar; name = "libitkgdcmMSFF-4.1.a"; path = "../osirix/ITK180/lib/libitkgdcmMSFF-4.1.a"; sourceTree = "<group>"; };
		0EBB98861D106E5300901888 /* libitkgdcmuuid-4.1.a */ = {isa = PBXFileReference; lastKnownFileType = archive.ar; name = "libitkgdcmuuid-4.1.a"; path = "../osirix/ITK180/lib/libitkgdcmuuid-4.1.a"; sourceTree = "<group>"; };
		0EBB98871D106E5300901888 /* libITKgiftiio-4.1.a */ = {isa = PBXFileReference; lastKnownFileType = archive.ar; name = "libITKgiftiio-4.1.a"; path = "../osirix/ITK180/lib/libITKgiftiio-4.1.a"; sourceTree = "<group>"; };
		0EBB98881D106E5300901888 /* libitkhdf5_cpp-4.1.a */ = {isa = PBXFileReference; lastKnownFileType = archive.ar; name = "libitkhdf5_cpp-4.1.a"; path = "../osirix/ITK180/lib/libitkhdf5_cpp-4.1.a"; sourceTree = "<group>"; };
		0EBB98891D106E5300901888 /* libitkhdf5-4.1.a */ = {isa = PBXFileReference; lastKnownFileType = archive.ar; name = "libitkhdf5-4.1.a"; path = "../osirix/ITK180/lib/libitkhdf5-4.1.a"; sourceTree = "<group>"; };
		0EBB988A1D106E5300901888 /* libITKIOBioRad-4.1.a */ = {isa = PBXFileReference; lastKnownFileType = archive.ar; name = "libITKIOBioRad-4.1.a"; path = "../osirix/ITK180/lib/libITKIOBioRad-4.1.a"; sourceTree = "<group>"; };
		0EBB988B1D106E5300901888 /* libITKIOBMP-4.1.a */ = {isa = PBXFileReference; lastKnownFileType = archive.ar; name = "libITKIOBMP-4.1.a"; path = "../osirix/ITK180/lib/libITKIOBMP-4.1.a"; sourceTree = "<group>"; };
		0EBB988C1D106E5300901888 /* libITKIOCSV-4.1.a */ = {isa = PBXFileReference; lastKnownFileType = archive.ar; name = "libITKIOCSV-4.1.a"; path = "../osirix/ITK180/lib/libITKIOCSV-4.1.a"; sourceTree = "<group>"; };
		0EBB988D1D106E5300901888 /* libITKIOGDCM-4.1.a */ = {isa = PBXFileReference; lastKnownFileType = archive.ar; name = "libITKIOGDCM-4.1.a"; path = "../osirix/ITK180/lib/libITKIOGDCM-4.1.a"; sourceTree = "<group>"; };
		0EBB988E1D106E5300901888 /* libITKIOGE-4.1.a */ = {isa = PBXFileReference; lastKnownFileType = archive.ar; name = "libITKIOGE-4.1.a"; path = "../osirix/ITK180/lib/libITKIOGE-4.1.a"; sourceTree = "<group>"; };
		0EBB988F1D106E5300901888 /* libITKIOGIPL-4.1.a */ = {isa = PBXFileReference; lastKnownFileType = archive.ar; name = "libITKIOGIPL-4.1.a"; path = "../osirix/ITK180/lib/libITKIOGIPL-4.1.a"; sourceTree = "<group>"; };
		0EBB98901D106E5300901888 /* libITKIOHDF5-4.1.a */ = {isa = PBXFileReference; lastKnownFileType = archive.ar; name = "libITKIOHDF5-4.1.a"; path = "../osirix/ITK180/lib/libITKIOHDF5-4.1.a"; sourceTree = "<group>"; };
		0EBB98911D106E5300901888 /* libITKIOImageBase-4.1.a */ = {isa = PBXFileReference; lastKnownFileType = archive.ar; name = "libITKIOImageBase-4.1.a"; path = "../osirix/ITK180/lib/libITKIOImageBase-4.1.a"; sourceTree = "<group>"; };
		0EBB98921D106E5300901888 /* libITKIOIPL-4.1.a */ = {isa = PBXFileReference; lastKnownFileType = archive.ar; name = "libITKIOIPL-4.1.a"; path = "../osirix/ITK180/lib/libITKIOIPL-4.1.a"; sourceTree = "<group>"; };
		0EBB98931D106E5300901888 /* libITKIOJPEG-4.1.a */ = {isa = PBXFileReference; lastKnownFileType = archive.ar; name = "libITKIOJPEG-4.1.a"; path = "../osirix/ITK180/lib/libITKIOJPEG-4.1.a"; sourceTree = "<group>"; };
		0EBB98941D106E5300901888 /* libITKIOLSM-4.1.a */ = {isa = PBXFileReference; lastKnownFileType = archive.ar; name = "libITKIOLSM-4.1.a"; path = "../osirix/ITK180/lib/libITKIOLSM-4.1.a"; sourceTree = "<group>"; };
		0EBB98951D106E5300901888 /* libITKIOMesh-4.1.a */ = {isa = PBXFileReference; lastKnownFileType = archive.ar; name = "libITKIOMesh-4.1.a"; path = "../osirix/ITK180/lib/libITKIOMesh-4.1.a"; sourceTree = "<group>"; };
		0EBB98961D106E5300901888 /* libITKIOMeta-4.1.a */ = {isa = PBXFileReference; lastKnownFileType = archive.ar; name = "libITKIOMeta-4.1.a"; path = "../osirix/ITK180/lib/libITKIOMeta-4.1.a"; sourceTree = "<group>"; };
		0EBB98971D106E5300901888 /* libITKIONIFTI-4.1.a */ = {isa = PBXFileReference; lastKnownFileType = archive.ar; name = "libITKIONIFTI-4.1.a"; path = "../osirix/ITK180/lib/libITKIONIFTI-4.1.a"; sourceTree = "<group>"; };
		0EBB98981D106E5300901888 /* libITKIONRRD-4.1.a */ = {isa = PBXFileReference; lastKnownFileType = archive.ar; name = "libITKIONRRD-4.1.a"; path = "../osirix/ITK180/lib/libITKIONRRD-4.1.a"; sourceTree = "<group>"; };
		0EBB98991D106E5300901888 /* libITKIOPNG-4.1.a */ = {isa = PBXFileReference; lastKnownFileType = archive.ar; name = "libITKIOPNG-4.1.a"; path = "../osirix/ITK180/lib/libITKIOPNG-4.1.a"; sourceTree = "<group>"; };
		0EBB989A1D106E5300901888 /* libITKIOSiemens-4.1.a */ = {isa = PBXFileReference; lastKnownFileType = archive.ar; name = "libITKIOSiemens-4.1.a"; path = "../osirix/ITK180/lib/libITKIOSiemens-4.1.a"; sourceTree = "<group>"; };
		0EBB989B1D106E5300901888 /* libITKIOSpatialObjects-4.1.a */ = {isa = PBXFileReference; lastKnownFileType = archive.ar; name = "libITKIOSpatialObjects-4.1.a"; path = "../osirix/ITK180/lib/libITKIOSpatialObjects-4.1.a"; sourceTree = "<group>"; };
		0EBB989C1D106E5300901888 /* libITKIOStimulate-4.1.a */ = {isa = PBXFileReference; lastKnownFileType = archive.ar; name = "libITKIOStimulate-4.1.a"; path = "../osirix/ITK180/lib/libITKIOStimulate-4.1.a"; sourceTree = "<group>"; };
		0EBB989D1D106E5300901888 /* libITKIOTIFF-4.1.a */ = {isa = PBXFileReference; lastKnownFileType = archive.ar; name = "libITKIOTIFF-4.1.a"; path = "../osirix/ITK180/lib/libITKIOTIFF-4.1.a"; sourceTree = "<group>"; };
		0EBB989E1D106E5300901888 /* libITKIOTransformBase-4.1.a */ = {isa = PBXFileReference; lastKnownFileType = archive.ar; name = "libITKIOTransformBase-4.1.a"; path = "../osirix/ITK180/lib/libITKIOTransformBase-4.1.a"; sourceTree = "<group>"; };
		0EBB989F1D106E5300901888 /* libITKIOTransformHDF5-4.1.a */ = {isa = PBXFileReference; lastKnownFileType = archive.ar; name = "libITKIOTransformHDF5-4.1.a"; path = "../osirix/ITK180/lib/libITKIOTransformHDF5-4.1.a"; sourceTree = "<group>"; };
		0EBB98A01D106E5300901888 /* libITKIOTransformInsightLegacy-4.1.a */ = {isa = PBXFileReference; lastKnownFileType = archive.ar; name = "libITKIOTransformInsightLegacy-4.1.a"; path = "../osirix/ITK180/lib/libITKIOTransformInsightLegacy-4.1.a"; sourceTree = "<group>"; };
		0EBB98A11D106E5300901888 /* libITKIOTransformMatlab-4.1.a */ = {isa = PBXFileReference; lastKnownFileType = archive.ar; name = "libITKIOTransformMatlab-4.1.a"; path = "../osirix/ITK180/lib/libITKIOTransformMatlab-4.1.a"; sourceTree = "<group>"; };
		0EBB98A21D106E5300901888 /* libITKIOVTK-4.1.a */ = {isa = PBXFileReference; lastKnownFileType = archive.ar; name = "libITKIOVTK-4.1.a"; path = "../osirix/ITK180/lib/libITKIOVTK-4.1.a"; sourceTree = "<group>"; };
		0EBB98A31D106E5300901888 /* libITKIOXML-4.1.a */ = {isa = PBXFileReference; lastKnownFileType = archive.ar; name = "libITKIOXML-4.1.a"; path = "../osirix/ITK180/lib/libITKIOXML-4.1.a"; sourceTree = "<group>"; };
		0EBB98A41D106E5300901888 /* libitkjpeg-4.1.a */ = {isa = PBXFileReference; lastKnownFileType = archive.ar; name = "libitkjpeg-4.1.a"; path = "../osirix/ITK180/lib/libitkjpeg-4.1.a"; sourceTree = "<group>"; };
		0EBB98A51D106E5300901888 /* libITKKLMRegionGrowing-4.1.a */ = {isa = PBXFileReference; lastKnownFileType = archive.ar; name = "libITKKLMRegionGrowing-4.1.a"; path = "../osirix/ITK180/lib/libITKKLMRegionGrowing-4.1.a"; sourceTree = "<group>"; };
		0EBB98A61D106E5300901888 /* libITKLabelMap-4.1.a */ = {isa = PBXFileReference; lastKnownFileType = archive.ar; name = "libITKLabelMap-4.1.a"; path = "../osirix/ITK180/lib/libITKLabelMap-4.1.a"; sourceTree = "<group>"; };
		0EBB98A71D106E5300901888 /* libITKMesh-4.1.a */ = {isa = PBXFileReference; lastKnownFileType = archive.ar; name = "libITKMesh-4.1.a"; path = "../osirix/ITK180/lib/libITKMesh-4.1.a"; sourceTree = "<group>"; };
		0EBB98A81D106E5300901888 /* libITKMetaIO-4.1.a */ = {isa = PBXFileReference; lastKnownFileType = archive.ar; name = "libITKMetaIO-4.1.a"; path = "../osirix/ITK180/lib/libITKMetaIO-4.1.a"; sourceTree = "<group>"; };
		0EBB98A91D106E5300901888 /* libitkNetlibSlatec-4.1.a */ = {isa = PBXFileReference; lastKnownFileType = archive.ar; name = "libitkNetlibSlatec-4.1.a"; path = "../osirix/ITK180/lib/libitkNetlibSlatec-4.1.a"; sourceTree = "<group>"; };
		0EBB98AA1D106E5300901888 /* libITKniftiio-4.1.a */ = {isa = PBXFileReference; lastKnownFileType = archive.ar; name = "libITKniftiio-4.1.a"; path = "../osirix/ITK180/lib/libITKniftiio-4.1.a"; sourceTree = "<group>"; };
		0EBB98AB1D106E5300901888 /* libITKNrrdIO-4.1.a */ = {isa = PBXFileReference; lastKnownFileType = archive.ar; name = "libITKNrrdIO-4.1.a"; path = "../osirix/ITK180/lib/libITKNrrdIO-4.1.a"; sourceTree = "<group>"; };
		0EBB98AC1D106E5300901888 /* libitkopenjpeg-4.1.a */ = {isa = PBXFileReference; lastKnownFileType = archive.ar; name = "libitkopenjpeg-4.1.a"; path = "../osirix/ITK180/lib/libitkopenjpeg-4.1.a"; sourceTree = "<group>"; };
		0EBB98AD1D106E5300901888 /* libITKOptimizers-4.1.a */ = {isa = PBXFileReference; lastKnownFileType = archive.ar; name = "libITKOptimizers-4.1.a"; path = "../osirix/ITK180/lib/libITKOptimizers-4.1.a"; sourceTree = "<group>"; };
		0EBB98AE1D106E5300901888 /* libITKOptimizersv4-4.1.a */ = {isa = PBXFileReference; lastKnownFileType = archive.ar; name = "libITKOptimizersv4-4.1.a"; path = "../osirix/ITK180/lib/libITKOptimizersv4-4.1.a"; sourceTree = "<group>"; };
		0EBB98AF1D106E5300901888 /* libITKPath-4.1.a */ = {isa = PBXFileReference; lastKnownFileType = archive.ar; name = "libITKPath-4.1.a"; path = "../osirix/ITK180/lib/libITKPath-4.1.a"; sourceTree = "<group>"; };
		0EBB98B01D106E5300901888 /* libitkpng-4.1.a */ = {isa = PBXFileReference; lastKnownFileType = archive.ar; name = "libitkpng-4.1.a"; path = "../osirix/ITK180/lib/libitkpng-4.1.a"; sourceTree = "<group>"; };
		0EBB98B11D106E5300901888 /* libITKPolynomials-4.1.a */ = {isa = PBXFileReference; lastKnownFileType = archive.ar; name = "libITKPolynomials-4.1.a"; path = "../osirix/ITK180/lib/libITKPolynomials-4.1.a"; sourceTree = "<group>"; };
		0EBB98B21D106E5300901888 /* libITKQuadEdgeMesh-4.1.a */ = {isa = PBXFileReference; lastKnownFileType = archive.ar; name = "libITKQuadEdgeMesh-4.1.a"; path = "../osirix/ITK180/lib/libITKQuadEdgeMesh-4.1.a"; sourceTree = "<group>"; };
		0EBB98B31D106E5300901888 /* libITKReview-4.1.a */ = {isa = PBXFileReference; lastKnownFileType = archive.ar; name = "libITKReview-4.1.a"; path = "../osirix/ITK180/lib/libITKReview-4.1.a"; sourceTree = "<group>"; };
		0EBB98B41D106E5300901888 /* libITKSpatialObjects-4.1.a */ = {isa = PBXFileReference; lastKnownFileType = archive.ar; name = "libITKSpatialObjects-4.1.a"; path = "../osirix/ITK180/lib/libITKSpatialObjects-4.1.a"; sourceTree = "<group>"; };
		0EBB98B51D106E5300901888 /* libITKStatistics-4.1.a */ = {isa = PBXFileReference; lastKnownFileType = archive.ar; name = "libITKStatistics-4.1.a"; path = "../osirix/ITK180/lib/libITKStatistics-4.1.a"; sourceTree = "<group>"; };
		0EBB98B61D106E5300901888 /* libitksys-4.1.a */ = {isa = PBXFileReference; lastKnownFileType = archive.ar; name = "libitksys-4.1.a"; path = "../osirix/ITK180/lib/libitksys-4.1.a"; sourceTree = "<group>"; };
		0EBB98B71D106E5300901888 /* libitktestlib-4.1.a */ = {isa = PBXFileReference; lastKnownFileType = archive.ar; name = "libitktestlib-4.1.a"; path = "../osirix/ITK180/lib/libitktestlib-4.1.a"; sourceTree = "<group>"; };
		0EBB98B81D106E5300901888 /* libitktiff-4.1.a */ = {isa = PBXFileReference; lastKnownFileType = archive.ar; name = "libitktiff-4.1.a"; path = "../osirix/ITK180/lib/libitktiff-4.1.a"; sourceTree = "<group>"; };
		0EBB98B91D106E5300901888 /* libitkv3p_lsqr-4.1.a */ = {isa = PBXFileReference; lastKnownFileType = archive.ar; name = "libitkv3p_lsqr-4.1.a"; path = "../osirix/ITK180/lib/libitkv3p_lsqr-4.1.a"; sourceTree = "<group>"; };
		0EBB98BA1D106E5300901888 /* libitkv3p_netlib-4.1.a */ = {isa = PBXFileReference; lastKnownFileType = archive.ar; name = "libitkv3p_netlib-4.1.a"; path = "../osirix/ITK180/lib/libitkv3p_netlib-4.1.a"; sourceTree = "<group>"; };
		0EBB98BB1D106E5300901888 /* libitkvcl-4.1.a */ = {isa = PBXFileReference; lastKnownFileType = archive.ar; name = "libitkvcl-4.1.a"; path = "../osirix/ITK180/lib/libitkvcl-4.1.a"; sourceTree = "<group>"; };
		0EBB98BC1D106E5300901888 /* libITKVideoCore-4.1.a */ = {isa = PBXFileReference; lastKnownFileType = archive.ar; name = "libITKVideoCore-4.1.a"; path = "../osirix/ITK180/lib/libITKVideoCore-4.1.a"; sourceTree = "<group>"; };
		0EBB98BD1D106E5300901888 /* libITKVideoIO-4.1.a */ = {isa = PBXFileReference; lastKnownFileType = archive.ar; name = "libITKVideoIO-4.1.a"; path = "../osirix/ITK180/lib/libITKVideoIO-4.1.a"; sourceTree = "<group>"; };
		0EBB98BE1D106E5300901888 /* libitkvnl_algo-4.1.a */ = {isa = PBXFileReference; lastKnownFileType = archive.ar; name = "libitkvnl_algo-4.1.a"; path = "../osirix/ITK180/lib/libitkvnl_algo-4.1.a"; sourceTree = "<group>"; };
		0EBB98BF1D106E5300901888 /* libitkvnl-4.1.a */ = {isa = PBXFileReference; lastKnownFileType = archive.ar; name = "libitkvnl-4.1.a"; path = "../osirix/ITK180/lib/libitkvnl-4.1.a"; sourceTree = "<group>"; };
		0EBB98C01D106E5300901888 /* libITKVNLInstantiation-4.1.a */ = {isa = PBXFileReference; lastKnownFileType = archive.ar; name = "libITKVNLInstantiation-4.1.a"; path = "../osirix/ITK180/lib/libITKVNLInstantiation-4.1.a"; sourceTree = "<group>"; };
		0EBB98C11D106E5300901888 /* libITKVTK-4.1.a */ = {isa = PBXFileReference; lastKnownFileType = archive.ar; name = "libITKVTK-4.1.a"; path = "../osirix/ITK180/lib/libITKVTK-4.1.a"; sourceTree = "<group>"; };
		0EBB98C21D106E5300901888 /* libITKWatersheds-4.1.a */ = {isa = PBXFileReference; lastKnownFileType = archive.ar; name = "libITKWatersheds-4.1.a"; path = "../osirix/ITK180/lib/libITKWatersheds-4.1.a"; sourceTree = "<group>"; };
		0EBB98C31D106E5300901888 /* libitkzlib-4.1.a */ = {isa = PBXFileReference; lastKnownFileType = archive.ar; name = "libitkzlib-4.1.a"; path = "../osirix/ITK180/lib/libitkzlib-4.1.a"; sourceTree = "<group>"; };
		0EBB98C41D106E5300901888 /* libITKznz-4.1.a */ = {isa = PBXFileReference; lastKnownFileType = archive.ar; name = "libITKznz-4.1.a"; path = "../osirix/ITK180/lib/libITKznz-4.1.a"; sourceTree = "<group>"; };
		1058C7ADFEA557BF11CA2CBB /* Cocoa.framework */ = {isa = PBXFileReference; lastKnownFileType = wrapper.framework; name = Cocoa.framework; path = /System/Library/Frameworks/Cocoa.framework; sourceTree = "<absolute>"; };
		32DBCF630370AF2F00C91783 /* MSLSMRICornell_Prefix.pch */ = {isa = PBXFileReference; fileEncoding = 4; lastKnownFileType = sourcecode.c.h; path = MSLSMRICornell_Prefix.pch; sourceTree = "<group>"; };
		8420023112E829A200E1E9CE /* OsiriXAPI.framework */ = {isa = PBXFileReference; lastKnownFileType = wrapper.framework; path = OsiriXAPI.framework; sourceTree = "<group>"; };
		8D5B49B7048680CD000E48DA /* Info.plist */ = {isa = PBXFileReference; fileEncoding = 4; lastKnownFileType = text.plist.xml; path = Info.plist; sourceTree = "<group>"; };
		AB5D36050680E57E00F4007A /* MSLSMRICornell.osirixplugin */ = {isa = PBXFileReference; explicitFileType = wrapper.cfbundle; includeInIndex = 0; path = MSLSMRICornell.osirixplugin; sourceTree = BUILT_PRODUCTS_DIR; };
/* End PBXFileReference section */

/* Begin PBXFrameworksBuildPhase section */
		8D5B49B3048680CD000E48DA /* Frameworks */ = {
			isa = PBXFrameworksBuildPhase;
			buildActionMask = 2147483647;
			files = (
				0EBB99081D106E5300901888 /* libitkv3p_netlib-4.1.a in Frameworks */,
				0EBB98F41D106E5300901888 /* libITKLabelMap-4.1.a in Frameworks */,
				0EBB98E71D106E5300901888 /* libITKIOPNG-4.1.a in Frameworks */,
				0EBB98C91D106E5300901888 /* libITKDICOMParser-4.1.a in Frameworks */,
				0EBB98CA1D106E5300901888 /* libITKEXPAT-4.1.a in Frameworks */,
				0EBB98D51D106E5300901888 /* libITKgiftiio-4.1.a in Frameworks */,
				0EBB98E21D106E5300901888 /* libITKIOLSM-4.1.a in Frameworks */,
				0EBB98F31D106E5300901888 /* libITKKLMRegionGrowing-4.1.a in Frameworks */,
				0EBB99001D106E5300901888 /* libITKQuadEdgeMesh-4.1.a in Frameworks */,
				0EBB98DA1D106E5300901888 /* libITKIOCSV-4.1.a in Frameworks */,
				0EBB98D41D106E5300901888 /* libitkgdcmuuid-4.1.a in Frameworks */,
				0EBB990A1D106E5300901888 /* libITKVideoCore-4.1.a in Frameworks */,
				0EBB98EF1D106E5300901888 /* libITKIOTransformMatlab-4.1.a in Frameworks */,
				0EBB98E61D106E5300901888 /* libITKIONRRD-4.1.a in Frameworks */,
				0EBB98E31D106E5300901888 /* libITKIOMesh-4.1.a in Frameworks */,
				0EBB98D71D106E5300901888 /* libitkhdf5-4.1.a in Frameworks */,
				0EBB99031D106E5300901888 /* libITKStatistics-4.1.a in Frameworks */,
				0EBB98CB1D106E5300901888 /* libITKFEM-4.1.a in Frameworks */,
				0EBB98DE1D106E5300901888 /* libITKIOHDF5-4.1.a in Frameworks */,
				0EBB990B1D106E5300901888 /* libITKVideoIO-4.1.a in Frameworks */,
				0EBB98DF1D106E5300901888 /* libITKIOImageBase-4.1.a in Frameworks */,
				0EBB98FB1D106E5300901888 /* libITKOptimizers-4.1.a in Frameworks */,
				0EBB990C1D106E5300901888 /* libitkvnl_algo-4.1.a in Frameworks */,
				0EBB98C71D106E5300901888 /* libITKCommon-4.1.a in Frameworks */,
				0EBB990F1D106E5300901888 /* libITKVTK-4.1.a in Frameworks */,
				0EBB98E01D106E5300901888 /* libITKIOIPL-4.1.a in Frameworks */,
				0EBB98ED1D106E5300901888 /* libITKIOTransformHDF5-4.1.a in Frameworks */,
				0EBB98F91D106E5300901888 /* libITKNrrdIO-4.1.a in Frameworks */,
				0EBB99101D106E5300901888 /* libITKWatersheds-4.1.a in Frameworks */,
				0EBB99111D106E5300901888 /* libitkzlib-4.1.a in Frameworks */,
				0EBB98E41D106E5300901888 /* libITKIOMeta-4.1.a in Frameworks */,
				0EBB99121D106E5300901888 /* libITKznz-4.1.a in Frameworks */,
				0EBB98D81D106E5300901888 /* libITKIOBioRad-4.1.a in Frameworks */,
				0EBB98D01D106E5300901888 /* libitkgdcmjpeg8-4.1.a in Frameworks */,
				0EBB98D61D106E5300901888 /* libitkhdf5_cpp-4.1.a in Frameworks */,
				0EBB98CC1D106E5300901888 /* libitkgdcmCommon-4.1.a in Frameworks */,
				0EBB98E51D106E5300901888 /* libITKIONIFTI-4.1.a in Frameworks */,
				0EBB98FA1D106E5300901888 /* libitkopenjpeg-4.1.a in Frameworks */,
				0EBB98FD1D106E5300901888 /* libITKPath-4.1.a in Frameworks */,
				0EBB98EA1D106E5300901888 /* libITKIOStimulate-4.1.a in Frameworks */,
				0EBB99071D106E5300901888 /* libitkv3p_lsqr-4.1.a in Frameworks */,
				0EBB99041D106E5300901888 /* libitksys-4.1.a in Frameworks */,
				0EBB98F01D106E5300901888 /* libITKIOVTK-4.1.a in Frameworks */,
				0EBB99021D106E5300901888 /* libITKSpatialObjects-4.1.a in Frameworks */,
				0EBB98CF1D106E5300901888 /* libitkgdcmIOD-4.1.a in Frameworks */,
				0EBB98D31D106E5300901888 /* libitkgdcmMSFF-4.1.a in Frameworks */,
				0EBB98F51D106E5300901888 /* libITKMesh-4.1.a in Frameworks */,
				0EBB990E1D106E5300901888 /* libITKVNLInstantiation-4.1.a in Frameworks */,
				0EBB98FE1D106E5300901888 /* libitkpng-4.1.a in Frameworks */,
				0EBB98EB1D106E5300901888 /* libITKIOTIFF-4.1.a in Frameworks */,
				0EBB98FF1D106E5300901888 /* libITKPolynomials-4.1.a in Frameworks */,
				8D5B49B4048680CD000E48DA /* Cocoa.framework in Frameworks */,
				0EBB98CD1D106E5300901888 /* libitkgdcmDICT-4.1.a in Frameworks */,
				0EBB98DC1D106E5300901888 /* libITKIOGE-4.1.a in Frameworks */,
				0EBB98EC1D106E5300901888 /* libITKIOTransformBase-4.1.a in Frameworks */,
				0EBB98FC1D106E5300901888 /* libITKOptimizersv4-4.1.a in Frameworks */,
				0EBB98D11D106E5300901888 /* libitkgdcmjpeg12-4.1.a in Frameworks */,
				0EBB98E91D106E5300901888 /* libITKIOSpatialObjects-4.1.a in Frameworks */,
				8420023212E829A200E1E9CE /* OsiriXAPI.framework in Frameworks */,
				0EBB98C81D106E5300901888 /* libITKDeprecated-4.1.a in Frameworks */,
				0EBB98F21D106E5300901888 /* libitkjpeg-4.1.a in Frameworks */,
				0EBB99091D106E5300901888 /* libitkvcl-4.1.a in Frameworks */,
				0EBB99011D106E5300901888 /* libITKReview-4.1.a in Frameworks */,
				0EBB98D21D106E5300901888 /* libitkgdcmjpeg16-4.1.a in Frameworks */,
				0EBB98DB1D106E5300901888 /* libITKIOGDCM-4.1.a in Frameworks */,
				0EBB98E81D106E5300901888 /* libITKIOSiemens-4.1.a in Frameworks */,
				0EBB98CE1D106E5300901888 /* libitkgdcmDSED-4.1.a in Frameworks */,
				0EBB98D91D106E5300901888 /* libITKIOBMP-4.1.a in Frameworks */,
				0EBB98E11D106E5300901888 /* libITKIOJPEG-4.1.a in Frameworks */,
				0EBB98DD1D106E5300901888 /* libITKIOGIPL-4.1.a in Frameworks */,
				0EBB98EE1D106E5300901888 /* libITKIOTransformInsightLegacy-4.1.a in Frameworks */,
				0EBB98F11D106E5300901888 /* libITKIOXML-4.1.a in Frameworks */,
				0EBB98F81D106E5300901888 /* libITKniftiio-4.1.a in Frameworks */,
				0EBB98C51D106E5300901888 /* libITKBiasCorrection-4.1.a in Frameworks */,
				0EBB99061D106E5300901888 /* libitktiff-4.1.a in Frameworks */,
				0EBB98C61D106E5300901888 /* libITKBioCell-4.1.a in Frameworks */,
				0EBB98F61D106E5300901888 /* libITKMetaIO-4.1.a in Frameworks */,
				0EBB990D1D106E5300901888 /* libitkvnl-4.1.a in Frameworks */,
				0EBB98F71D106E5300901888 /* libitkNetlibSlatec-4.1.a in Frameworks */,
				0EBB99051D106E5300901888 /* libitktestlib-4.1.a in Frameworks */,
			);
			runOnlyForDeploymentPostprocessing = 0;
		};
/* End PBXFrameworksBuildPhase section */

/* Begin PBXGroup section */
		089C166AFE841209C02AAC07 /* MSLSMRICornell */ = {
			isa = PBXGroup;
			children = (
				08FB77AFFE84173DC02AAC07 /* Classes */,
				32C88E010371C26100C91783 /* Other Sources */,
				089C167CFE841241C02AAC07 /* Resources */,
				089C1671FE841209C02AAC07 /* Frameworks and Libraries */,
				19C28FB8FE9D52D311CA2CBB /* Products */,
			);
			name = MSLSMRICornell;
			sourceTree = "<group>";
		};
		089C1671FE841209C02AAC07 /* Frameworks and Libraries */ = {
			isa = PBXGroup;
			children = (
				0EBB97DA1D106DE200901888 /* ITK */,
				8420023112E829A200E1E9CE /* OsiriXAPI.framework */,
				1058C7ACFEA557BF11CA2CBB /* Linked Frameworks */,
				1058C7AEFEA557BF11CA2CBB /* Other Frameworks */,
			);
			name = "Frameworks and Libraries";
			sourceTree = "<group>";
		};
		089C167CFE841241C02AAC07 /* Resources */ = {
			isa = PBXGroup;
			children = (
				8D5B49B7048680CD000E48DA /* Info.plist */,
				089C167DFE841241C02AAC07 /* InfoPlist.strings */,
			);
			name = Resources;
			sourceTree = "<group>";
		};
		08FB77AFFE84173DC02AAC07 /* Classes */ = {
			isa = PBXGroup;
			children = (
				0E6F6AF11CFCA79900F56B9C /* OsiriX Headers */,
				AB2C26750677B0C400A08910 /* MSLSMRICornellFilter */,
			);
			name = Classes;
			sourceTree = "<group>";
		};
		0E6F6AF11CFCA79900F56B9C /* OsiriX Headers */ = {
			isa = PBXGroup;
			children = (
				0E6F6AF21CFCA79900F56B9C /* DCMPix.h */,
				0E6F6AF31CFCA79900F56B9C /* DCMView.h */,
				0E6F6AF41CFCA79900F56B9C /* dicomFile.h */,
				0E6F6AF51CFCA79900F56B9C /* MyPoint.h */,
				0E6F6AF61CFCA79900F56B9C /* OSIWindowController.h */,
				0E6F6AF71CFCA79900F56B9C /* PluginFilter.h */,
				0E6F6AF81CFCA79900F56B9C /* ROI.h */,
				0E6F6AF91CFCA79900F56B9C /* Schedulable.h */,
				0E6F6AFA1CFCA79900F56B9C /* Scheduler.h */,
				0E6F6AFB1CFCA79900F56B9C /* StaticScheduler.h */,
				0E6F6AFC1CFCA79900F56B9C /* ViewerController.h */,
			);
			path = "OsiriX Headers";
			sourceTree = "<group>";
		};
		0EBB97DA1D106DE200901888 /* ITK */ = {
			isa = PBXGroup;
			children = (
				0EBB98771D106E5300901888 /* libITKBiasCorrection-4.1.a */,
				0EBB98781D106E5300901888 /* libITKBioCell-4.1.a */,
				0EBB98791D106E5300901888 /* libITKCommon-4.1.a */,
				0EBB987A1D106E5300901888 /* libITKDeprecated-4.1.a */,
				0EBB987B1D106E5300901888 /* libITKDICOMParser-4.1.a */,
				0EBB987C1D106E5300901888 /* libITKEXPAT-4.1.a */,
				0EBB987D1D106E5300901888 /* libITKFEM-4.1.a */,
				0EBB987E1D106E5300901888 /* libitkgdcmCommon-4.1.a */,
				0EBB987F1D106E5300901888 /* libitkgdcmDICT-4.1.a */,
				0EBB98801D106E5300901888 /* libitkgdcmDSED-4.1.a */,
				0EBB98811D106E5300901888 /* libitkgdcmIOD-4.1.a */,
				0EBB98821D106E5300901888 /* libitkgdcmjpeg8-4.1.a */,
				0EBB98831D106E5300901888 /* libitkgdcmjpeg12-4.1.a */,
				0EBB98841D106E5300901888 /* libitkgdcmjpeg16-4.1.a */,
				0EBB98851D106E5300901888 /* libitkgdcmMSFF-4.1.a */,
				0EBB98861D106E5300901888 /* libitkgdcmuuid-4.1.a */,
				0EBB98871D106E5300901888 /* libITKgiftiio-4.1.a */,
				0EBB98881D106E5300901888 /* libitkhdf5_cpp-4.1.a */,
				0EBB98891D106E5300901888 /* libitkhdf5-4.1.a */,
				0EBB988A1D106E5300901888 /* libITKIOBioRad-4.1.a */,
				0EBB988B1D106E5300901888 /* libITKIOBMP-4.1.a */,
				0EBB988C1D106E5300901888 /* libITKIOCSV-4.1.a */,
				0EBB988D1D106E5300901888 /* libITKIOGDCM-4.1.a */,
				0EBB988E1D106E5300901888 /* libITKIOGE-4.1.a */,
				0EBB988F1D106E5300901888 /* libITKIOGIPL-4.1.a */,
				0EBB98901D106E5300901888 /* libITKIOHDF5-4.1.a */,
				0EBB98911D106E5300901888 /* libITKIOImageBase-4.1.a */,
				0EBB98921D106E5300901888 /* libITKIOIPL-4.1.a */,
				0EBB98931D106E5300901888 /* libITKIOJPEG-4.1.a */,
				0EBB98941D106E5300901888 /* libITKIOLSM-4.1.a */,
				0EBB98951D106E5300901888 /* libITKIOMesh-4.1.a */,
				0EBB98961D106E5300901888 /* libITKIOMeta-4.1.a */,
				0EBB98971D106E5300901888 /* libITKIONIFTI-4.1.a */,
				0EBB98981D106E5300901888 /* libITKIONRRD-4.1.a */,
				0EBB98991D106E5300901888 /* libITKIOPNG-4.1.a */,
				0EBB989A1D106E5300901888 /* libITKIOSiemens-4.1.a */,
				0EBB989B1D106E5300901888 /* libITKIOSpatialObjects-4.1.a */,
				0EBB989C1D106E5300901888 /* libITKIOStimulate-4.1.a */,
				0EBB989D1D106E5300901888 /* libITKIOTIFF-4.1.a */,
				0EBB989E1D106E5300901888 /* libITKIOTransformBase-4.1.a */,
				0EBB989F1D106E5300901888 /* libITKIOTransformHDF5-4.1.a */,
				0EBB98A01D106E5300901888 /* libITKIOTransformInsightLegacy-4.1.a */,
				0EBB98A11D106E5300901888 /* libITKIOTransformMatlab-4.1.a */,
				0EBB98A21D106E5300901888 /* libITKIOVTK-4.1.a */,
				0EBB98A31D106E5300901888 /* libITKIOXML-4.1.a */,
				0EBB98A41D106E5300901888 /* libitkjpeg-4.1.a */,
				0EBB98A51D106E5300901888 /* libITKKLMRegionGrowing-4.1.a */,
				0EBB98A61D106E5300901888 /* libITKLabelMap-4.1.a */,
				0EBB98A71D106E5300901888 /* libITKMesh-4.1.a */,
				0EBB98A81D106E5300901888 /* libITKMetaIO-4.1.a */,
				0EBB98A91D106E5300901888 /* libitkNetlibSlatec-4.1.a */,
				0EBB98AA1D106E5300901888 /* libITKniftiio-4.1.a */,
				0EBB98AB1D106E5300901888 /* libITKNrrdIO-4.1.a */,
				0EBB98AC1D106E5300901888 /* libitkopenjpeg-4.1.a */,
				0EBB98AD1D106E5300901888 /* libITKOptimizers-4.1.a */,
				0EBB98AE1D106E5300901888 /* libITKOptimizersv4-4.1.a */,
				0EBB98AF1D106E5300901888 /* libITKPath-4.1.a */,
				0EBB98B01D106E5300901888 /* libitkpng-4.1.a */,
				0EBB98B11D106E5300901888 /* libITKPolynomials-4.1.a */,
				0EBB98B21D106E5300901888 /* libITKQuadEdgeMesh-4.1.a */,
				0EBB98B31D106E5300901888 /* libITKReview-4.1.a */,
				0EBB98B41D106E5300901888 /* libITKSpatialObjects-4.1.a */,
				0EBB98B51D106E5300901888 /* libITKStatistics-4.1.a */,
				0EBB98B61D106E5300901888 /* libitksys-4.1.a */,
				0EBB98B71D106E5300901888 /* libitktestlib-4.1.a */,
				0EBB98B81D106E5300901888 /* libitktiff-4.1.a */,
				0EBB98B91D106E5300901888 /* libitkv3p_lsqr-4.1.a */,
				0EBB98BA1D106E5300901888 /* libitkv3p_netlib-4.1.a */,
				0EBB98BB1D106E5300901888 /* libitkvcl-4.1.a */,
				0EBB98BC1D106E5300901888 /* libITKVideoCore-4.1.a */,
				0EBB98BD1D106E5300901888 /* libITKVideoIO-4.1.a */,
				0EBB98BE1D106E5300901888 /* libitkvnl_algo-4.1.a */,
				0EBB98BF1D106E5300901888 /* libitkvnl-4.1.a */,
				0EBB98C01D106E5300901888 /* libITKVNLInstantiation-4.1.a */,
				0EBB98C11D106E5300901888 /* libITKVTK-4.1.a */,
				0EBB98C21D106E5300901888 /* libITKWatersheds-4.1.a */,
				0EBB98C31D106E5300901888 /* libitkzlib-4.1.a */,
				0EBB98C41D106E5300901888 /* libITKznz-4.1.a */,
			);
			name = ITK;
			sourceTree = "<group>";
		};
		1058C7ACFEA557BF11CA2CBB /* Linked Frameworks */ = {
			isa = PBXGroup;
			children = (
				1058C7ADFEA557BF11CA2CBB /* Cocoa.framework */,
			);
			name = "Linked Frameworks";
			sourceTree = "<group>";
		};
		1058C7AEFEA557BF11CA2CBB /* Other Frameworks */ = {
			isa = PBXGroup;
			children = (
				089C1672FE841209C02AAC07 /* Foundation.framework */,
				089C167FFE841241C02AAC07 /* AppKit.framework */,
			);
			name = "Other Frameworks";
			sourceTree = "<group>";
		};
		19C28FB8FE9D52D311CA2CBB /* Products */ = {
			isa = PBXGroup;
			children = (
				AB5D36050680E57E00F4007A /* MSLSMRICornell.osirixplugin */,
			);
			name = Products;
			sourceTree = "<group>";
		};
		32C88E010371C26100C91783 /* Other Sources */ = {
			isa = PBXGroup;
			children = (
				32DBCF630370AF2F00C91783 /* MSLSMRICornell_Prefix.pch */,
			);
			name = "Other Sources";
			sourceTree = "<group>";
		};
		AB2C26750677B0C400A08910 /* MSLSMRICornellFilter */ = {
			isa = PBXGroup;
			children = (
				0E50E0941D04757600064A35 /* MSLesionSeed.h */,
				0E50E0951D04757600064A35 /* MSLesionSeed.m */,
				0E6F6AED1CFCA61800F56B9C /* MSLSMRICornellFilter.h */,
				0E6F6AEE1CFCA61800F56B9C /* MSLSMRICornellFilter.mm */,
				0E6F6AE61CFCA5FA00F56B9C /* SetWindowController.h */,
				0E6F6AE71CFCA5FA00F56B9C /* SetWindowController.mm */,
				0E493F9A1D1087EC00F9A042 /* SetWindowControllerold.mm */,
				0E493F981D1087C000F9A042 /* SetWindowController.old */,
				0E6F6AE81CFCA5FA00F56B9C /* SetWindowController.xib */,
			);
			name = MSLSMRICornellFilter;
			sourceTree = "<group>";
		};
/* End PBXGroup section */

/* Begin PBXHeadersBuildPhase section */
		8D5B49AD048680CD000E48DA /* Headers */ = {
			isa = PBXHeadersBuildPhase;
			buildActionMask = 2147483647;
			files = (
				0E6F6B031CFCA79900F56B9C /* ROI.h in Headers */,
				0E6F6AFE1CFCA79900F56B9C /* DCMView.h in Headers */,
				0E6F6B021CFCA79900F56B9C /* PluginFilter.h in Headers */,
				0E6F6AEF1CFCA61800F56B9C /* MSLSMRICornellFilter.h in Headers */,
				0E6F6AFF1CFCA79900F56B9C /* dicomFile.h in Headers */,
				0E6F6AFD1CFCA79900F56B9C /* DCMPix.h in Headers */,
				0E6F6B061CFCA79900F56B9C /* StaticScheduler.h in Headers */,
				0E6F6B011CFCA79900F56B9C /* OSIWindowController.h in Headers */,
				0E6F6B041CFCA79900F56B9C /* Schedulable.h in Headers */,
				0E6F6B051CFCA79900F56B9C /* Scheduler.h in Headers */,
				0E6F6AEA1CFCA5FA00F56B9C /* SetWindowController.h in Headers */,
				8D5B49AE048680CD000E48DA /* MSLSMRICornell_Prefix.pch in Headers */,
				0E50E0961D04757600064A35 /* MSLesionSeed.h in Headers */,
				0E6F6B071CFCA79900F56B9C /* ViewerController.h in Headers */,
				0E6F6B001CFCA79900F56B9C /* MyPoint.h in Headers */,
			);
			runOnlyForDeploymentPostprocessing = 0;
		};
/* End PBXHeadersBuildPhase section */

/* Begin PBXNativeTarget section */
		8D5B49AC048680CD000E48DA /* MSLSMRICornell */ = {
			isa = PBXNativeTarget;
			buildConfigurationList = CE6A9A9008AC841300D0C1EE /* Build configuration list for PBXNativeTarget "MSLSMRICornell" */;
			buildPhases = (
				8D5B49AD048680CD000E48DA /* Headers */,
				8D5B49AF048680CD000E48DA /* Resources */,
				8D5B49B1048680CD000E48DA /* Sources */,
				8D5B49B3048680CD000E48DA /* Frameworks */,
				8D5B49B5048680CD000E48DA /* Rez */,
			);
			buildRules = (
			);
			dependencies = (
			);
			name = MSLSMRICornell;
			productInstallPath = "$(HOME)/Library/Bundles";
			productName = Invert;
			productReference = AB5D36050680E57E00F4007A /* MSLSMRICornell.osirixplugin */;
			productType = "com.apple.product-type.bundle";
		};
/* End PBXNativeTarget section */

/* Begin PBXProject section */
		089C1669FE841209C02AAC07 /* Project object */ = {
			isa = PBXProject;
			attributes = {
			};
			buildConfigurationList = CE6A9A9408AC841300D0C1EE /* Build configuration list for PBXProject "MSLSMRICornell" */;
			compatibilityVersion = "Xcode 3.2";
			developmentRegion = English;
			hasScannedForEncodings = 1;
			knownRegions = (
				English,
				Japanese,
				French,
				German,
			);
			mainGroup = 089C166AFE841209C02AAC07 /* MSLSMRICornell */;
			projectDirPath = "";
			projectRoot = "";
			targets = (
				8D5B49AC048680CD000E48DA /* MSLSMRICornell */,
			);
		};
/* End PBXProject section */

/* Begin PBXResourcesBuildPhase section */
		8D5B49AF048680CD000E48DA /* Resources */ = {
			isa = PBXResourcesBuildPhase;
			buildActionMask = 2147483647;
			files = (
				0E493F991D1087C000F9A042 /* SetWindowController.old in Resources */,
				0E6F6AEC1CFCA5FA00F56B9C /* SetWindowController.xib in Resources */,
				8D5B49B0048680CD000E48DA /* InfoPlist.strings in Resources */,
			);
			runOnlyForDeploymentPostprocessing = 0;
		};
/* End PBXResourcesBuildPhase section */

/* Begin PBXRezBuildPhase section */
		8D5B49B5048680CD000E48DA /* Rez */ = {
			isa = PBXRezBuildPhase;
			buildActionMask = 2147483647;
			files = (
			);
			runOnlyForDeploymentPostprocessing = 0;
		};
/* End PBXRezBuildPhase section */

/* Begin PBXSourcesBuildPhase section */
		8D5B49B1048680CD000E48DA /* Sources */ = {
			isa = PBXSourcesBuildPhase;
			buildActionMask = 2147483647;
			files = (
				0E493F9B1D1087EC00F9A042 /* SetWindowControllerold.mm in Sources */,
				0E6F6AEB1CFCA5FA00F56B9C /* SetWindowController.mm in Sources */,
				0E50E0971D04757600064A35 /* MSLesionSeed.m in Sources */,
				0E6F6AF01CFCA61800F56B9C /* MSLSMRICornellFilter.mm in Sources */,
			);
			runOnlyForDeploymentPostprocessing = 0;
		};
/* End PBXSourcesBuildPhase section */

/* Begin PBXVariantGroup section */
		089C167DFE841241C02AAC07 /* InfoPlist.strings */ = {
			isa = PBXVariantGroup;
			children = (
				089C167EFE841241C02AAC07 /* English */,
			);
			name = InfoPlist.strings;
			sourceTree = "<group>";
		};
/* End PBXVariantGroup section */

/* Begin XCBuildConfiguration section */
		CE6A9A9108AC841300D0C1EE /* Development */ = {
			isa = XCBuildConfiguration;
			buildSettings = {
				ARCHS = "$(ARCHS_STANDARD_32_BIT)";
				BUNDLE_LOADER = "";
				CLANG_CXX_LANGUAGE_STANDARD = "gnu++0x";
				COPY_PHASE_STRIP = NO;
				DEBUGGING_SYMBOLS = YES;
				FRAMEWORK_SEARCH_PATHS = (
					"$(inherited)",
					"\"$(SRCROOT)\"",
				);
				GCC_DYNAMIC_NO_PIC = NO;
				GCC_ENABLE_FIX_AND_CONTINUE = YES;
				GCC_ENABLE_TRIGRAPHS = NO;
				GCC_GENERATE_DEBUGGING_SYMBOLS = YES;
				GCC_OPTIMIZATION_LEVEL = 0;
				GCC_PRECOMPILE_PREFIX_HEADER = YES;
				GCC_PREFIX_HEADER = MSLSMRICornell_Prefix.pch;
				GCC_WARN_FOUR_CHARACTER_CONSTANTS = NO;
				GCC_WARN_UNKNOWN_PRAGMAS = NO;
				HEADER_SEARCH_PATHS = (
					"$(inherited)",
					/Applications/Xcode.app/Contents/Developer/Toolchains/XcodeDefault.xctoolchain/usr/include,
					ITK180/Modules/Core/Common,
					ITK180/Modules/Core/Common/include,
					ITK180/Modules/ThirdParty/VNL/src/vxl/vcl,
					ITK180/Modules/ThirdParty/VNL/src/vxl/core,
					ITK180/Modules/Filtering/Thresholding/include,
					"ITK180/Modules/Filtering/**",
				);
				INFOPLIST_FILE = Info.plist;
				INSTALL_PATH = "@executable_path/../Plug-ins";
				LIBRARY_SEARCH_PATHS = /Users/rijiansu/Downloads/osirixCMRI/osirix/ITK180/lib;
				LIBRARY_STYLE = Bundle;
				MACOSX_DEPLOYMENT_TARGET = "";
				OTHER_CFLAGS = "";
				OTHER_LDFLAGS = (
					"-undefined",
					dynamic_lookup,
				);
				OTHER_REZFLAGS = "";
				PRODUCT_NAME = MSLSMRICornell;
				SDKROOT = macosx10.9;
				SECTORDER_FLAGS = "";
				WARNING_CFLAGS = (
					"-Wmost",
					"-Wno-four-char-constants",
					"-Wno-unknown-pragmas",
				);
				WRAPPER_EXTENSION = osirixplugin;
				ZERO_LINK = NO;
			};
			name = Development;
		};
		CE6A9A9208AC841300D0C1EE /* Deployment */ = {
			isa = XCBuildConfiguration;
			buildSettings = {
				ARCHS = "$(ARCHS_STANDARD_32_BIT)";
				BUNDLE_LOADER = "";
				CLANG_CXX_LANGUAGE_STANDARD = "gnu++0x";
				COPY_PHASE_STRIP = YES;
				FRAMEWORK_SEARCH_PATHS = (
					"$(inherited)",
					"\"$(SRCROOT)\"",
				);
				GCC_ENABLE_FIX_AND_CONTINUE = NO;
				GCC_ENABLE_TRIGRAPHS = NO;
				GCC_PRECOMPILE_PREFIX_HEADER = YES;
				GCC_PREFIX_HEADER = MSLSMRICornell_Prefix.pch;
				GCC_WARN_FOUR_CHARACTER_CONSTANTS = NO;
				GCC_WARN_UNKNOWN_PRAGMAS = NO;
				HEADER_SEARCH_PATHS = (
					"$(inherited)",
					/Applications/Xcode.app/Contents/Developer/Toolchains/XcodeDefault.xctoolchain/usr/include,
					ITK180/Modules/Core/Common,
					ITK180/Modules/Core/Common/include,
					ITK180/Modules/ThirdParty/VNL/src/vxl/vcl,
					ITK180/Modules/ThirdParty/VNL/src/vxl/core,
					ITK180/Modules/Filtering/Thresholding/include,
					"ITK180/Modules/Filtering/**",
				);
				INFOPLIST_FILE = Info.plist;
				INSTALL_PATH = "@executable_path/../Plug-ins";
				LIBRARY_SEARCH_PATHS = /Users/rijiansu/Downloads/osirixCMRI/osirix/ITK180/lib;
				LIBRARY_STYLE = Bundle;
				MACOSX_DEPLOYMENT_TARGET = "";
				OTHER_CFLAGS = "";
				OTHER_LDFLAGS = (
					"-undefined",
					dynamic_lookup,
				);
				OTHER_REZFLAGS = "";
				PRODUCT_NAME = MSLSMRICornell;
				SDKROOT = macosx10.9;
				SECTORDER_FLAGS = "";
				WARNING_CFLAGS = (
					"-Wmost",
					"-Wno-four-char-constants",
					"-Wno-unknown-pragmas",
				);
				WRAPPER_EXTENSION = osirixplugin;
				ZERO_LINK = NO;
			};
			name = Deployment;
		};
		CE6A9A9508AC841300D0C1EE /* Development */ = {
			isa = XCBuildConfiguration;
			buildSettings = {
				ARCHS = (
					i386,
					x86_64,
				);
				MACOSX_DEPLOYMENT_TARGET = 10.5;
				SDKROOT = macosx10.5;
			};
			name = Development;
		};
		CE6A9A9608AC841300D0C1EE /* Deployment */ = {
			isa = XCBuildConfiguration;
			buildSettings = {
				ARCHS = (
					x86_64,
					i386,
				);
				MACOSX_DEPLOYMENT_TARGET = 10.5;
				SDKROOT = macosx10.5;
			};
			name = Deployment;
		};
/* End XCBuildConfiguration section */

/* Begin XCConfigurationList section */
		CE6A9A9008AC841300D0C1EE /* Build configuration list for PBXNativeTarget "MSLSMRICornell" */ = {
			isa = XCConfigurationList;
			buildConfigurations = (
				CE6A9A9108AC841300D0C1EE /* Development */,
				CE6A9A9208AC841300D0C1EE /* Deployment */,
			);
			defaultConfigurationIsVisible = 0;
			defaultConfigurationName = Development;
		};
		CE6A9A9408AC841300D0C1EE /* Build configuration list for PBXProject "MSLSMRICornell" */ = {
			isa = XCConfigurationList;
			buildConfigurations = (
				CE6A9A9508AC841300D0C1EE /* Development */,
				CE6A9A9608AC841300D0C1EE /* Deployment */,
			);
			defaultConfigurationIsVisible = 0;
			defaultConfigurationName = Development;
		};
/* End XCConfigurationList section */
	};
	rootObject = 089C1669FE841209C02AAC07 /* Project object */;
}
